
Microsoft Visual Studio Solution File, Format Version 12.00
# Visual Studio 15
VisualStudioVersion = 15.0.27428.2027
MinimumVisualStudioVersion = 10.0.40219.1
Project("{FAE04EC0-301F-11D3-BF4B-00C04F79EFBC}") = "CarrefourEssert", "CarrefourEssert\CarrefourEssert.csproj", "{C05DDA50-B6B9-4798-A521-A738CC94E2A9}"
EndProject
Project("{FAE04EC0-301F-11D3-BF4B-00C04F79EFBC}") = "TestUnititaire", "TestUnititaire\TestUnititaire.csproj", "{F716CCCA-7C97-4087-A27B-C2710AE42347}"
EndProject
Project("{FAE04EC0-301F-11D3-BF4B-00C04F79EFBC}") = "ConFour", "ConFour\ConFour.csproj", "{64B987FD-FA99-460A-8B78-788300C5A98D}"
EndProject
Global
	GlobalSection(SolutionConfigurationPlatforms) = preSolution
		Debug|Any CPU = Debug|Any CPU
		Release|Any CPU = Release|Any CPU
	EndGlobalSection
	GlobalSection(ProjectConfigurationPlatforms) = postSolution
		{C05DDA50-B6B9-4798-A521-A738CC94E2A9}.Debug|Any CPU.ActiveCfg = Debug|Any CPU
		{C05DDA50-B6B9-4798-A521-A738CC94E2A9}.Debug|Any CPU.Build.0 = Debug|Any CPU
		{C05DDA50-B6B9-4798-A521-A738CC94E2A9}.Release|Any CPU.ActiveCfg = Release|Any CPU
		{C05DDA50-B6B9-4798-A521-A738CC94E2A9}.Release|Any CPU.Build.0 = Release|Any CPU
		{F716CCCA-7C97-4087-A27B-C2710AE42347}.Debug|Any CPU.ActiveCfg = Debug|Any CPU
		{F716CCCA-7C97-4087-A27B-C2710AE42347}.Debug|Any CPU.Build.0 = Debug|Any CPU
		{F716CCCA-7C97-4087-A27B-C2710AE42347}.Release|Any CPU.ActiveCfg = Release|Any CPU
		{F716CCCA-7C97-4087-A27B-C2710AE42347}.Release|Any CPU.Build.0 = Release|Any CPU
		{64B987FD-FA99-460A-8B78-788300C5A98D}.Debug|Any CPU.ActiveCfg = Debug|Any CPU
		{64B987FD-FA99-460A-8B78-788300C5A98D}.Debug|Any CPU.Build.0 = Debug|Any CPU
		{64B987FD-FA99-460A-8B78-788300C5A98D}.Release|Any CPU.ActiveCfg = Release|Any CPU
		{64B987FD-FA99-460A-8B78-788300C5A98D}.Release|Any CPU.Build.0 = Release|Any CPU
	EndGlobalSection
	GlobalSection(SolutionProperties) = preSolution
		HideSolutionNode = FALSE
	EndGlobalSection
	GlobalSection(ExtensibilityGlobals) = postSolution
		SolutionGuid = {46A50E4C-FFB9-4EA9-B723-8B555669972B}
	EndGlobalSection
EndGlobal
